// !$*UTF8*$!
{
	archiveVersion = 1;
	classes = {
	};
	objectVersion = 46;
	objects = {

/* Begin PBXBuildFile section */
		8704A38E1D92811200004A6E /* homeVC.swift in Sources */ = {isa = PBXBuildFile; fileRef = 8704A38D1D92811200004A6E /* homeVC.swift */; };
		F20282A01D919B7700BFA772 /* libsqlite3.tbd in Frameworks */ = {isa = PBXBuildFile; fileRef = F202829F1D919B7700BFA772 /* libsqlite3.tbd */; };
		F20282A21D919B8C00BFA772 /* libz.tbd in Frameworks */ = {isa = PBXBuildFile; fileRef = F20282A11D919B8C00BFA772 /* libz.tbd */; };
		F20282A41D919B9B00BFA772 /* AudioToolbox.framework in Frameworks */ = {isa = PBXBuildFile; fileRef = F20282A31D919B9B00BFA772 /* AudioToolbox.framework */; };
		F20282A61D919BAA00BFA772 /* CFNetwork.framework in Frameworks */ = {isa = PBXBuildFile; fileRef = F20282A51D919BAA00BFA772 /* CFNetwork.framework */; };
		F20282A81D919BB700BFA772 /* CoreGraphics.framework in Frameworks */ = {isa = PBXBuildFile; fileRef = F20282A71D919BB700BFA772 /* CoreGraphics.framework */; };
		F20282AA1D919BC200BFA772 /* CoreLocation.framework in Frameworks */ = {isa = PBXBuildFile; fileRef = F20282A91D919BC200BFA772 /* CoreLocation.framework */; };
		F20282AC1D919BD200BFA772 /* QuartzCore.framework in Frameworks */ = {isa = PBXBuildFile; fileRef = F20282AB1D919BD200BFA772 /* QuartzCore.framework */; };
		F20282AE1D919BE100BFA772 /* Security.framework in Frameworks */ = {isa = PBXBuildFile; fileRef = F20282AD1D919BE100BFA772 /* Security.framework */; };
		F20282B01D919BF200BFA772 /* StoreKit.framework in Frameworks */ = {isa = PBXBuildFile; fileRef = F20282AF1D919BF200BFA772 /* StoreKit.framework */; };
		F20282B21D919BFF00BFA772 /* SystemConfiguration.framework in Frameworks */ = {isa = PBXBuildFile; fileRef = F20282B11D919BFF00BFA772 /* SystemConfiguration.framework */; };
		F20282B51D919CB700BFA772 /* Bolts.framework in Frameworks */ = {isa = PBXBuildFile; fileRef = F20282B31D919CB700BFA772 /* Bolts.framework */; };
		F20282B61D919CB700BFA772 /* Parse.framework in Frameworks */ = {isa = PBXBuildFile; fileRef = F20282B41D919CB700BFA772 /* Parse.framework */; };
		F20282BB1D91BE4900BFA772 /* listing.swift in Sources */ = {isa = PBXBuildFile; fileRef = F20282BA1D91BE4900BFA772 /* listing.swift */; };
		F20A3BE21D94491D008DA808 /* citiesCell.swift in Sources */ = {isa = PBXBuildFile; fileRef = F20A3BE11D94491D008DA808 /* citiesCell.swift */; };
		F20A3BE41D944933008DA808 /* citiesVC.swift in Sources */ = {isa = PBXBuildFile; fileRef = F20A3BE31D944933008DA808 /* citiesVC.swift */; };
		F20A3BE61D94493D008DA808 /* citiesHeader.swift in Sources */ = {isa = PBXBuildFile; fileRef = F20A3BE51D94493D008DA808 /* citiesHeader.swift */; };
		F2200F561D94527800B57F61 /* test.swift in Sources */ = {isa = PBXBuildFile; fileRef = F2200F551D94527800B57F61 /* test.swift */; };
		F2FB395A1D918C4E00FEB57F /* AppDelegate.swift in Sources */ = {isa = PBXBuildFile; fileRef = F2FB39591D918C4E00FEB57F /* AppDelegate.swift */; };
		F2FB395F1D918C4E00FEB57F /* Main.storyboard in Resources */ = {isa = PBXBuildFile; fileRef = F2FB395D1D918C4E00FEB57F /* Main.storyboard */; };
		F2FB39641D918C4E00FEB57F /* LaunchScreen.storyboard in Resources */ = {isa = PBXBuildFile; fileRef = F2FB39621D918C4E00FEB57F /* LaunchScreen.storyboard */; };
		F2FEDF041D92D3280013027B /* Assets.xcassets in Resources */ = {isa = PBXBuildFile; fileRef = F2FEDF031D92D3280013027B /* Assets.xcassets */; };
/* End PBXBuildFile section */

/* Begin PBXFileReference section */
		8704A38D1D92811200004A6E /* homeVC.swift */ = {isa = PBXFileReference; fileEncoding = 4; lastKnownFileType = sourcecode.swift; path = homeVC.swift; sourceTree = "<group>"; };
		F202829F1D919B7700BFA772 /* libsqlite3.tbd */ = {isa = PBXFileReference; lastKnownFileType = "sourcecode.text-based-dylib-definition"; name = libsqlite3.tbd; path = usr/lib/libsqlite3.tbd; sourceTree = SDKROOT; };
		F20282A11D919B8C00BFA772 /* libz.tbd */ = {isa = PBXFileReference; lastKnownFileType = "sourcecode.text-based-dylib-definition"; name = libz.tbd; path = usr/lib/libz.tbd; sourceTree = SDKROOT; };
		F20282A31D919B9B00BFA772 /* AudioToolbox.framework */ = {isa = PBXFileReference; lastKnownFileType = wrapper.framework; name = AudioToolbox.framework; path = System/Library/Frameworks/AudioToolbox.framework; sourceTree = SDKROOT; };
		F20282A51D919BAA00BFA772 /* CFNetwork.framework */ = {isa = PBXFileReference; lastKnownFileType = wrapper.framework; name = CFNetwork.framework; path = System/Library/Frameworks/CFNetwork.framework; sourceTree = SDKROOT; };
		F20282A71D919BB700BFA772 /* CoreGraphics.framework */ = {isa = PBXFileReference; lastKnownFileType = wrapper.framework; name = CoreGraphics.framework; path = System/Library/Frameworks/CoreGraphics.framework; sourceTree = SDKROOT; };
		F20282A91D919BC200BFA772 /* CoreLocation.framework */ = {isa = PBXFileReference; lastKnownFileType = wrapper.framework; name = CoreLocation.framework; path = System/Library/Frameworks/CoreLocation.framework; sourceTree = SDKROOT; };
		F20282AB1D919BD200BFA772 /* QuartzCore.framework */ = {isa = PBXFileReference; lastKnownFileType = wrapper.framework; name = QuartzCore.framework; path = System/Library/Frameworks/QuartzCore.framework; sourceTree = SDKROOT; };
		F20282AD1D919BE100BFA772 /* Security.framework */ = {isa = PBXFileReference; lastKnownFileType = wrapper.framework; name = Security.framework; path = System/Library/Frameworks/Security.framework; sourceTree = SDKROOT; };
		F20282AF1D919BF200BFA772 /* StoreKit.framework */ = {isa = PBXFileReference; lastKnownFileType = wrapper.framework; name = StoreKit.framework; path = System/Library/Frameworks/StoreKit.framework; sourceTree = SDKROOT; };
		F20282B11D919BFF00BFA772 /* SystemConfiguration.framework */ = {isa = PBXFileReference; lastKnownFileType = wrapper.framework; name = SystemConfiguration.framework; path = System/Library/Frameworks/SystemConfiguration.framework; sourceTree = SDKROOT; };
		F20282B31D919CB700BFA772 /* Bolts.framework */ = {isa = PBXFileReference; lastKnownFileType = wrapper.framework; path = Bolts.framework; sourceTree = "<group>"; };
		F20282B41D919CB700BFA772 /* Parse.framework */ = {isa = PBXFileReference; lastKnownFileType = wrapper.framework; path = Parse.framework; sourceTree = "<group>"; };
		F20282BA1D91BE4900BFA772 /* listing.swift */ = {isa = PBXFileReference; fileEncoding = 4; lastKnownFileType = sourcecode.swift; path = listing.swift; sourceTree = "<group>"; };
		F20A3BE11D94491D008DA808 /* citiesCell.swift */ = {isa = PBXFileReference; lastKnownFileType = sourcecode.swift; path = citiesCell.swift; sourceTree = "<group>"; };
		F20A3BE31D944933008DA808 /* citiesVC.swift */ = {isa = PBXFileReference; fileEncoding = 4; lastKnownFileType = sourcecode.swift; path = citiesVC.swift; sourceTree = "<group>"; };
		F20A3BE51D94493D008DA808 /* citiesHeader.swift */ = {isa = PBXFileReference; fileEncoding = 4; lastKnownFileType = sourcecode.swift; path = citiesHeader.swift; sourceTree = "<group>"; };
		F2200F551D94527800B57F61 /* test.swift */ = {isa = PBXFileReference; fileEncoding = 4; lastKnownFileType = sourcecode.swift; path = test.swift; sourceTree = "<group>"; };
		F2FB39561D918C4E00FEB57F /* iOsBmoby.app */ = {isa = PBXFileReference; explicitFileType = wrapper.application; includeInIndex = 0; path = iOsBmoby.app; sourceTree = BUILT_PRODUCTS_DIR; };
		F2FB39591D918C4E00FEB57F /* AppDelegate.swift */ = {isa = PBXFileReference; lastKnownFileType = sourcecode.swift; path = AppDelegate.swift; sourceTree = "<group>"; };
		F2FB395E1D918C4E00FEB57F /* Base */ = {isa = PBXFileReference; lastKnownFileType = file.storyboard; name = Base; path = Base.lproj/Main.storyboard; sourceTree = "<group>"; };
		F2FB39631D918C4E00FEB57F /* Base */ = {isa = PBXFileReference; lastKnownFileType = file.storyboard; name = Base; path = Base.lproj/LaunchScreen.storyboard; sourceTree = "<group>"; };
		F2FB39651D918C4E00FEB57F /* Info.plist */ = {isa = PBXFileReference; lastKnownFileType = text.plist.xml; path = Info.plist; sourceTree = "<group>"; };
		F2FEDF031D92D3280013027B /* Assets.xcassets */ = {isa = PBXFileReference; lastKnownFileType = folder.assetcatalog; path = Assets.xcassets; sourceTree = "<group>"; };
/* End PBXFileReference section */

/* Begin PBXFrameworksBuildPhase section */
		F2FB39531D918C4E00FEB57F /* Frameworks */ = {
			isa = PBXFrameworksBuildPhase;
			buildActionMask = 2147483647;
			files = (
				F20282B21D919BFF00BFA772 /* SystemConfiguration.framework in Frameworks */,
				F20282B01D919BF200BFA772 /* StoreKit.framework in Frameworks */,
				F20282AE1D919BE100BFA772 /* Security.framework in Frameworks */,
				F20282AC1D919BD200BFA772 /* QuartzCore.framework in Frameworks */,
				F20282AA1D919BC200BFA772 /* CoreLocation.framework in Frameworks */,
				F20282A81D919BB700BFA772 /* CoreGraphics.framework in Frameworks */,
				F20282A61D919BAA00BFA772 /* CFNetwork.framework in Frameworks */,
				F20282A41D919B9B00BFA772 /* AudioToolbox.framework in Frameworks */,
				F20282B51D919CB700BFA772 /* Bolts.framework in Frameworks */,
				F20282A21D919B8C00BFA772 /* libz.tbd in Frameworks */,
				F20282B61D919CB700BFA772 /* Parse.framework in Frameworks */,
				F20282A01D919B7700BFA772 /* libsqlite3.tbd in Frameworks */,
			);
			runOnlyForDeploymentPostprocessing = 0;
		};
/* End PBXFrameworksBuildPhase section */

/* Begin PBXGroup section */
		F20282B91D91A38100BFA772 /* frameworks */ = {
			isa = PBXGroup;
			children = (
				F20282B31D919CB700BFA772 /* Bolts.framework */,
				F20282B41D919CB700BFA772 /* Parse.framework */,
				F20282B11D919BFF00BFA772 /* SystemConfiguration.framework */,
				F20282AF1D919BF200BFA772 /* StoreKit.framework */,
				F20282AD1D919BE100BFA772 /* Security.framework */,
				F20282AB1D919BD200BFA772 /* QuartzCore.framework */,
				F20282A91D919BC200BFA772 /* CoreLocation.framework */,
				F20282A71D919BB700BFA772 /* CoreGraphics.framework */,
				F20282A51D919BAA00BFA772 /* CFNetwork.framework */,
				F20282A31D919B9B00BFA772 /* AudioToolbox.framework */,
				F20282A11D919B8C00BFA772 /* libz.tbd */,
				F202829F1D919B7700BFA772 /* libsqlite3.tbd */,
			);
			name = frameworks;
			sourceTree = "<group>";
		};
		F2FB394D1D918C4D00FEB57F = {
			isa = PBXGroup;
			children = (
				F2FB39581D918C4E00FEB57F /* iOsBmoby */,
				F2FB39571D918C4E00FEB57F /* Products */,
				F20282B91D91A38100BFA772 /* frameworks */,
			);
			sourceTree = "<group>";
		};
		F2FB39571D918C4E00FEB57F /* Products */ = {
			isa = PBXGroup;
			children = (
				F2FB39561D918C4E00FEB57F /* iOsBmoby.app */,
			);
			name = Products;
			sourceTree = "<group>";
		};
		F2FB39581D918C4E00FEB57F /* iOsBmoby */ = {
			isa = PBXGroup;
			children = (
				F2FB39591D918C4E00FEB57F /* AppDelegate.swift */,
				F2FB395D1D918C4E00FEB57F /* Main.storyboard */,
				F2FB39621D918C4E00FEB57F /* LaunchScreen.storyboard */,
				F2FB39651D918C4E00FEB57F /* Info.plist */,
				F2FEDF031D92D3280013027B /* Assets.xcassets */,
				F20282BA1D91BE4900BFA772 /* listing.swift */,
				F20A3BE51D94493D008DA808 /* citiesHeader.swift */,
				F20A3BE11D94491D008DA808 /* citiesCell.swift */,
				F20A3BE31D944933008DA808 /* citiesVC.swift */,
				8704A38D1D92811200004A6E /* homeVC.swift */,
				F2200F551D94527800B57F61 /* test.swift */,
			);
			path = iOsBmoby;
			sourceTree = "<group>";
		};
/* End PBXGroup section */

/* Begin PBXNativeTarget section */
		F2FB39551D918C4E00FEB57F /* iOsBmoby */ = {
			isa = PBXNativeTarget;
			buildConfigurationList = F2FB39681D918C4E00FEB57F /* Build configuration list for PBXNativeTarget "iOsBmoby" */;
			buildPhases = (
				F2FB39521D918C4E00FEB57F /* Sources */,
				F2FB39531D918C4E00FEB57F /* Frameworks */,
				F2FB39541D918C4E00FEB57F /* Resources */,
			);
			buildRules = (
			);
			dependencies = (
			);
			name = iOsBmoby;
			productName = iOsBmoby;
			productReference = F2FB39561D918C4E00FEB57F /* iOsBmoby.app */;
			productType = "com.apple.product-type.application";
		};
/* End PBXNativeTarget section */

/* Begin PBXProject section */
		F2FB394E1D918C4D00FEB57F /* Project object */ = {
			isa = PBXProject;
			attributes = {
				LastSwiftUpdateCheck = 0730;
				LastUpgradeCheck = 0730;
				ORGANIZATIONNAME = BMoby;
				TargetAttributes = {
					F2FB39551D918C4E00FEB57F = {
						CreatedOnToolsVersion = 7.3.1;
						DevelopmentTeam = RQ8MG6H549;
					};
				};
			};
			buildConfigurationList = F2FB39511D918C4D00FEB57F /* Build configuration list for PBXProject "iOsBmoby" */;
			compatibilityVersion = "Xcode 3.2";
			developmentRegion = English;
			hasScannedForEncodings = 0;
			knownRegions = (
				en,
				Base,
			);
			mainGroup = F2FB394D1D918C4D00FEB57F;
			productRefGroup = F2FB39571D918C4E00FEB57F /* Products */;
			projectDirPath = "";
			projectRoot = "";
			targets = (
				F2FB39551D918C4E00FEB57F /* iOsBmoby */,
			);
		};
/* End PBXProject section */

/* Begin PBXResourcesBuildPhase section */
		F2FB39541D918C4E00FEB57F /* Resources */ = {
			isa = PBXResourcesBuildPhase;
			buildActionMask = 2147483647;
			files = (
				F2FB39641D918C4E00FEB57F /* LaunchScreen.storyboard in Resources */,
				F2FEDF041D92D3280013027B /* Assets.xcassets in Resources */,
				F2FB395F1D918C4E00FEB57F /* Main.storyboard in Resources */,
			);
			runOnlyForDeploymentPostprocessing = 0;
		};
/* End PBXResourcesBuildPhase section */

/* Begin PBXSourcesBuildPhase section */
		F2FB39521D918C4E00FEB57F /* Sources */ = {
			isa = PBXSourcesBuildPhase;
			buildActionMask = 2147483647;
			files = (
				8704A38E1D92811200004A6E /* homeVC.swift in Sources */,
				F20282BB1D91BE4900BFA772 /* listing.swift in Sources */,
				F20A3BE41D944933008DA808 /* citiesVC.swift in Sources */,
				F2FB395A1D918C4E00FEB57F /* AppDelegate.swift in Sources */,
				F20A3BE21D94491D008DA808 /* citiesCell.swift in Sources */,
				F20A3BE61D94493D008DA808 /* citiesHeader.swift in Sources */,
				F2200F561D94527800B57F61 /* test.swift in Sources */,
			);
			runOnlyForDeploymentPostprocessing = 0;
		};
/* End PBXSourcesBuildPhase section */

/* Begin PBXVariantGroup section */
		F2FB395D1D918C4E00FEB57F /* Main.storyboard */ = {
			isa = PBXVariantGroup;
			children = (
				F2FB395E1D918C4E00FEB57F /* Base */,
			);
			name = Main.storyboard;
			sourceTree = "<group>";
		};
		F2FB39621D918C4E00FEB57F /* LaunchScreen.storyboard */ = {
			isa = PBXVariantGroup;
			children = (
				F2FB39631D918C4E00FEB57F /* Base */,
			);
			name = LaunchScreen.storyboard;
			sourceTree = "<group>";
		};
/* End PBXVariantGroup section */

/* Begin XCBuildConfiguration section */
		F2FB39661D918C4E00FEB57F /* Debug */ = {
			isa = XCBuildConfiguration;
			buildSettings = {
				ALWAYS_SEARCH_USER_PATHS = NO;
				CLANG_ANALYZER_NONNULL = YES;
				CLANG_CXX_LANGUAGE_STANDARD = "gnu++0x";
				CLANG_CXX_LIBRARY = "libc++";
				CLANG_ENABLE_MODULES = YES;
				CLANG_ENABLE_OBJC_ARC = YES;
				CLANG_WARN_BOOL_CONVERSION = YES;
				CLANG_WARN_CONSTANT_CONVERSION = YES;
				CLANG_WARN_DIRECT_OBJC_ISA_USAGE = YES_ERROR;
				CLANG_WARN_EMPTY_BODY = YES;
				CLANG_WARN_ENUM_CONVERSION = YES;
				CLANG_WARN_INT_CONVERSION = YES;
				CLANG_WARN_OBJC_ROOT_CLASS = YES_ERROR;
				CLANG_WARN_UNREACHABLE_CODE = YES;
				CLANG_WARN__DUPLICATE_METHOD_MATCH = YES;
				"CODE_SIGN_IDENTITY[sdk=iphoneos*]" = "iPhone Developer";
				COPY_PHASE_STRIP = NO;
				DEBUG_INFORMATION_FORMAT = dwarf;
				ENABLE_STRICT_OBJC_MSGSEND = YES;
				ENABLE_TESTABILITY = YES;
				GCC_C_LANGUAGE_STANDARD = gnu99;
				GCC_DYNAMIC_NO_PIC = NO;
				GCC_NO_COMMON_BLOCKS = YES;
				GCC_OPTIMIZATION_LEVEL = 0;
				GCC_PREPROCESSOR_DEFINITIONS = (
					"DEBUG=1",
					"$(inherited)",
				);
				GCC_WARN_64_TO_32_BIT_CONVERSION = YES;
				GCC_WARN_ABOUT_RETURN_TYPE = YES_ERROR;
				GCC_WARN_UNDECLARED_SELECTOR = YES;
				GCC_WARN_UNINITIALIZED_AUTOS = YES_AGGRESSIVE;
				GCC_WARN_UNUSED_FUNCTION = YES;
				GCC_WARN_UNUSED_VARIABLE = YES;
				IPHONEOS_DEPLOYMENT_TARGET = 9.3;
				MTL_ENABLE_DEBUG_INFO = YES;
				ONLY_ACTIVE_ARCH = YES;
				SDKROOT = iphoneos;
				SWIFT_OPTIMIZATION_LEVEL = "-Onone";
			};
			name = Debug;
		};
		F2FB39671D918C4E00FEB57F /* Release */ = {
			isa = XCBuildConfiguration;
			buildSettings = {
				ALWAYS_SEARCH_USER_PATHS = NO;
				CLANG_ANALYZER_NONNULL = YES;
				CLANG_CXX_LANGUAGE_STANDARD = "gnu++0x";
				CLANG_CXX_LIBRARY = "libc++";
				CLANG_ENABLE_MODULES = YES;
				CLANG_ENABLE_OBJC_ARC = YES;
				CLANG_WARN_BOOL_CONVERSION = YES;
				CLANG_WARN_CONSTANT_CONVERSION = YES;
				CLANG_WARN_DIRECT_OBJC_ISA_USAGE = YES_ERROR;
				CLANG_WARN_EMPTY_BODY = YES;
				CLANG_WARN_ENUM_CONVERSION = YES;
				CLANG_WARN_INT_CONVERSION = YES;
				CLANG_WARN_OBJC_ROOT_CLASS = YES_ERROR;
				CLANG_WARN_UNREACHABLE_CODE = YES;
				CLANG_WARN__DUPLICATE_METHOD_MATCH = YES;
				"CODE_SIGN_IDENTITY[sdk=iphoneos*]" = "iPhone Developer";
				COPY_PHASE_STRIP = NO;
				DEBUG_INFORMATION_FORMAT = "dwarf-with-dsym";
				ENABLE_NS_ASSERTIONS = NO;
				ENABLE_STRICT_OBJC_MSGSEND = YES;
				GCC_C_LANGUAGE_STANDARD = gnu99;
				GCC_NO_COMMON_BLOCKS = YES;
				GCC_WARN_64_TO_32_BIT_CONVERSION = YES;
				GCC_WARN_ABOUT_RETURN_TYPE = YES_ERROR;
				GCC_WARN_UNDECLARED_SELECTOR = YES;
				GCC_WARN_UNINITIALIZED_AUTOS = YES_AGGRESSIVE;
				GCC_WARN_UNUSED_FUNCTION = YES;
				GCC_WARN_UNUSED_VARIABLE = YES;
				IPHONEOS_DEPLOYMENT_TARGET = 9.3;
				MTL_ENABLE_DEBUG_INFO = NO;
				SDKROOT = iphoneos;
				VALIDATE_PRODUCT = YES;
			};
			name = Release;
		};
		F2FB39691D918C4E00FEB57F /* Debug */ = {
			isa = XCBuildConfiguration;
			buildSettings = {
				ASSETCATALOG_COMPILER_APPICON_NAME = AppIcon;
				FRAMEWORK_SEARCH_PATHS = (
					"$(inherited)",
					"$(PROJECT_DIR)",
				);
				INFOPLIST_FILE = iOsBmoby/Info.plist;
				LD_RUNPATH_SEARCH_PATHS = "$(inherited) @executable_path/Frameworks";
				PRODUCT_BUNDLE_IDENTIFIER = ms.iOsBmoby;
				PRODUCT_NAME = "$(TARGET_NAME)";
			};
			name = Debug;
		};
		F2FB396A1D918C4E00FEB57F /* Release */ = {
			isa = XCBuildConfiguration;
			buildSettings = {
				ASSETCATALOG_COMPILER_APPICON_NAME = AppIcon;
				FRAMEWORK_SEARCH_PATHS = (
					"$(inherited)",
					"$(PROJECT_DIR)",
				);
				INFOPLIST_FILE = iOsBmoby/Info.plist;
				LD_RUNPATH_SEARCH_PATHS = "$(inherited) @executable_path/Frameworks";
				PRODUCT_BUNDLE_IDENTIFIER = ms.iOsBmoby;
				PRODUCT_NAME = "$(TARGET_NAME)";
			};
			name = Release;
		};
/* End XCBuildConfiguration section */

/* Begin XCConfigurationList section */
		F2FB39511D918C4D00FEB57F /* Build configuration list for PBXProject "iOsBmoby" */ = {
			isa = XCConfigurationList;
			buildConfigurations = (
				F2FB39661D918C4E00FEB57F /* Debug */,
				F2FB39671D918C4E00FEB57F /* Release */,
			);
			defaultConfigurationIsVisible = 0;
			defaultConfigurationName = Release;
		};
		F2FB39681D918C4E00FEB57F /* Build configuration list for PBXNativeTarget "iOsBmoby" */ = {
			isa = XCConfigurationList;
			buildConfigurations = (
				F2FB39691D918C4E00FEB57F /* Debug */,
				F2FB396A1D918C4E00FEB57F /* Release */,
			);
			defaultConfigurationIsVisible = 0;
			defaultConfigurationName = Release;
		};
/* End XCConfigurationList section */
	};
	rootObject = F2FB394E1D918C4D00FEB57F /* Project object */;
}
