// !$*UTF8*$!
{
	archiveVersion = 1;
	classes = {
	};
	objectVersion = 46;
	objects = {

/* Begin PBXBuildFile section */
		F2FB395A1D918C4E00FEB57F /* AppDelegate.swift in Sources */ = {isa = PBXBuildFile; fileRef = F2FB39591D918C4E00FEB57F /* AppDelegate.swift */; };
		F2FB395C1D918C4E00FEB57F /* ViewController.swift in Sources */ = {isa = PBXBuildFile; fileRef = F2FB395B1D918C4E00FEB57F /* ViewController.swift */; };
		F2FB395F1D918C4E00FEB57F /* Main.storyboard in Resources */ = {isa = PBXBuildFile; fileRef = F2FB395D1D918C4E00FEB57F /* Main.storyboard */; };
		F2FB39611D918C4E00FEB57F /* Assets.xcassets in Resources */ = {isa = PBXBuildFile; fileRef = F2FB39601D918C4E00FEB57F /* Assets.xcassets */; };
		F2FB39641D918C4E00FEB57F /* LaunchScreen.storyboard in Resources */ = {isa = PBXBuildFile; fileRef = F2FB39621D918C4E00FEB57F /* LaunchScreen.storyboard */; };
/* End PBXBuildFile section */

/* Begin PBXFileReference section */
		F2FB39561D918C4E00FEB57F /* iOsBmoby.app */ = {isa = PBXFileReference; explicitFileType = wrapper.application; includeInIndex = 0; path = iOsBmoby.app; sourceTree = BUILT_PRODUCTS_DIR; };
		F2FB39591D918C4E00FEB57F /* AppDelegate.swift */ = {isa = PBXFileReference; lastKnownFileType = sourcecode.swift; path = AppDelegate.swift; sourceTree = "<group>"; };
		F2FB395B1D918C4E00FEB57F /* ViewController.swift */ = {isa = PBXFileReference; lastKnownFileType = sourcecode.swift; path = ViewController.swift; sourceTree = "<group>"; };
		F2FB395E1D918C4E00FEB57F /* Base */ = {isa = PBXFileReference; lastKnownFileType = file.storyboard; name = Base; path = Base.lproj/Main.storyboard; sourceTree = "<group>"; };
		F2FB39601D918C4E00FEB57F /* Assets.xcassets */ = {isa = PBXFileReference; lastKnownFileType = folder.assetcatalog; path = Assets.xcassets; sourceTree = "<group>"; };
		F2FB39631D918C4E00FEB57F /* Base */ = {isa = PBXFileReference; lastKnownFileType = file.storyboard; name = Base; path = Base.lproj/LaunchScreen.storyboard; sourceTree = "<group>"; };
		F2FB39651D918C4E00FEB57F /* Info.plist */ = {isa = PBXFileReference; lastKnownFileType = text.plist.xml; path = Info.plist; sourceTree = "<group>"; };
/* End PBXFileReference section */

/* Begin PBXFrameworksBuildPhase section */
		F2FB39531D918C4E00FEB57F /* Frameworks */ = {
			isa = PBXFrameworksBuildPhase;
			buildActionMask = 2147483647;
			files = (
			);
			runOnlyForDeploymentPostprocessing = 0;
		};
/* End PBXFrameworksBuildPhase section */

/* Begin PBXGroup section */
		F2FB394D1D918C4D00FEB57F = {
			isa = PBXGroup;
			children = (
				F2FB39581D918C4E00FEB57F /* iOsBmoby */,
				F2FB39571D918C4E00FEB57F /* Products */,
			);
			sourceTree = "<group>";
		};
		F2FB39571D918C4E00FEB57F /* Products */ = {
			isa = PBXGroup;
			children = (
				F2FB39561D918C4E00FEB57F /* iOsBmoby.app */,
			);
			name = Products;
			sourceTree = "<group>";
		};
		F2FB39581D918C4E00FEB57F /* iOsBmoby */ = {
			isa = PBXGroup;
			children = (
				F2FB39591D918C4E00FEB57F /* AppDelegate.swift */,
				F2FB395B1D918C4E00FEB57F /* ViewController.swift */,
				F2FB395D1D918C4E00FEB57F /* Main.storyboard */,
				F2FB39601D918C4E00FEB57F /* Assets.xcassets */,
				F2FB39621D918C4E00FEB57F /* LaunchScreen.storyboard */,
				F2FB39651D918C4E00FEB57F /* Info.plist */,
			);
			path = iOsBmoby;
			sourceTree = "<group>";
		};
/* End PBXGroup section */

/* Begin PBXNativeTarget section */
		F2FB39551D918C4E00FEB57F /* iOsBmoby */ = {
			isa = PBXNativeTarget;
			buildConfigurationList = F2FB39681D918C4E00FEB57F /* Build configuration list for PBXNativeTarget "iOsBmoby" */;
			buildPhases = (
				F2FB39521D918C4E00FEB57F /* Sources */,
				F2FB39531D918C4E00FEB57F /* Frameworks */,
				F2FB39541D918C4E00FEB57F /* Resources */,
			);
			buildRules = (
			);
			dependencies = (
			);
			name = iOsBmoby;
			productName = iOsBmoby;
			productReference = F2FB39561D918C4E00FEB57F /* iOsBmoby.app */;
			productType = "com.apple.product-type.application";
		};
/* End PBXNativeTarget section */

/* Begin PBXProject section */
		F2FB394E1D918C4D00FEB57F /* Project object */ = {
			isa = PBXProject;
			attributes = {
				LastSwiftUpdateCheck = 0730;
				LastUpgradeCheck = 0730;
				ORGANIZATIONNAME = BMoby;
				TargetAttributes = {
					F2FB39551D918C4E00FEB57F = {
						CreatedOnToolsVersion = 7.3.1;
						DevelopmentTeam = RQ8MG6H549;
					};
				};
			};
			buildConfigurationList = F2FB39511D918C4D00FEB57F /* Build configuration list for PBXProject "iOsBmoby" */;
			compatibilityVersion = "Xcode 3.2";
			developmentRegion = English;
			hasScannedForEncodings = 0;
			knownRegions = (
				en,
				Base,
			);
			mainGroup = F2FB394D1D918C4D00FEB57F;
			productRefGroup = F2FB39571D918C4E00FEB57F /* Products */;
			projectDirPath = "";
			projectRoot = "";
			targets = (
				F2FB39551D918C4E00FEB57F /* iOsBmoby */,
			);
		};
/* End PBXProject section */

/* Begin PBXResourcesBuildPhase section */
		F2FB39541D918C4E00FEB57F /* Resources */ = {
			isa = PBXResourcesBuildPhase;
			buildActionMask = 2147483647;
			files = (
				F2FB39641D918C4E00FEB57F /* LaunchScreen.storyboard in Resources */,
				F2FB39611D918C4E00FEB57F /* Assets.xcassets in Resources */,
				F2FB395F1D918C4E00FEB57F /* Main.storyboard in Resources */,
			);
			runOnlyForDeploymentPostprocessing = 0;
		};
/* End PBXResourcesBuildPhase section */

/* Begin PBXSourcesBuildPhase section */
		F2FB39521D918C4E00FEB57F /* Sources */ = {
			isa = PBXSourcesBuildPhase;
			buildActionMask = 2147483647;
			files = (
				F2FB395C1D918C4E00FEB57F /* ViewController.swift in Sources */,
				F2FB395A1D918C4E00FEB57F /* AppDelegate.swift in Sources */,
			);
			runOnlyForDeploymentPostprocessing = 0;
		};
/* End PBXSourcesBuildPhase section */

/* Begin PBXVariantGroup section */
		F2FB395D1D918C4E00FEB57F /* Main.storyboard */ = {
			isa = PBXVariantGroup;
			children = (
				F2FB395E1D918C4E00FEB57F /* Base */,
			);
			name = Main.storyboard;
			sourceTree = "<group>";
		};
		F2FB39621D918C4E00FEB57F /* LaunchScreen.storyboard */ = {
			isa = PBXVariantGroup;
			children = (
				F2FB39631D918C4E00FEB57F /* Base */,
			);
			name = LaunchScreen.storyboard;
			sourceTree = "<group>";
		};
/* End PBXVariantGroup section */

/* Begin XCBuildConfiguration section */
		F2FB39661D918C4E00FEB57F /* Debug */ = {
			isa = XCBuildConfiguration;
			buildSettings = {
				ALWAYS_SEARCH_USER_PATHS = NO;
				CLANG_ANALYZER_NONNULL = YES;
				CLANG_CXX_LANGUAGE_STANDARD = "gnu++0x";
				CLANG_CXX_LIBRARY = "libc++";
				CLANG_ENABLE_MODULES = YES;
				CLANG_ENABLE_OBJC_ARC = YES;
				CLANG_WARN_BOOL_CONVERSION = YES;
				CLANG_WARN_CONSTANT_CONVERSION = YES;
				CLANG_WARN_DIRECT_OBJC_ISA_USAGE = YES_ERROR;
				CLANG_WARN_EMPTY_BODY = YES;
				CLANG_WARN_ENUM_CONVERSION = YES;
				CLANG_WARN_INT_CONVERSION = YES;
				CLANG_WARN_OBJC_ROOT_CLASS = YES_ERROR;
				CLANG_WARN_UNREACHABLE_CODE = YES;
				CLANG_WARN__DUPLICATE_METHOD_MATCH = YES;
				"CODE_SIGN_IDENTITY[sdk=iphoneos*]" = "iPhone Developer";
				COPY_PHASE_STRIP = NO;
				DEBUG_INFORMATION_FORMAT = dwarf;
				ENABLE_STRICT_OBJC_MSGSEND = YES;
				ENABLE_TESTABILITY = YES;
				GCC_C_LANGUAGE_STANDARD = gnu99;
				GCC_DYNAMIC_NO_PIC = NO;
				GCC_NO_COMMON_BLOCKS = YES;
				GCC_OPTIMIZATION_LEVEL = 0;
				GCC_PREPROCESSOR_DEFINITIONS = (
					"DEBUG=1",
					"$(inherited)",
				);
				GCC_WARN_64_TO_32_BIT_CONVERSION = YES;
				GCC_WARN_ABOUT_RETURN_TYPE = YES_ERROR;
				GCC_WARN_UNDECLARED_SELECTOR = YES;
				GCC_WARN_UNINITIALIZED_AUTOS = YES_AGGRESSIVE;
				GCC_WARN_UNUSED_FUNCTION = YES;
				GCC_WARN_UNUSED_VARIABLE = YES;
				IPHONEOS_DEPLOYMENT_TARGET = 9.3;
				MTL_ENABLE_DEBUG_INFO = YES;
				ONLY_ACTIVE_ARCH = YES;
				SDKROOT = iphoneos;
				SWIFT_OPTIMIZATION_LEVEL = "-Onone";
			};
			name = Debug;
		};
		F2FB39671D918C4E00FEB57F /* Release */ = {
			isa = XCBuildConfiguration;
			buildSettings = {
				ALWAYS_SEARCH_USER_PATHS = NO;
				CLANG_ANALYZER_NONNULL = YES;
				CLANG_CXX_LANGUAGE_STANDARD = "gnu++0x";
				CLANG_CXX_LIBRARY = "libc++";
				CLANG_ENABLE_MODULES = YES;
				CLANG_ENABLE_OBJC_ARC = YES;
				CLANG_WARN_BOOL_CONVERSION = YES;
				CLANG_WARN_CONSTANT_CONVERSION = YES;
				CLANG_WARN_DIRECT_OBJC_ISA_USAGE = YES_ERROR;
				CLANG_WARN_EMPTY_BODY = YES;
				CLANG_WARN_ENUM_CONVERSION = YES;
				CLANG_WARN_INT_CONVERSION = YES;
				CLANG_WARN_OBJC_ROOT_CLASS = YES_ERROR;
				CLANG_WARN_UNREACHABLE_CODE = YES;
				CLANG_WARN__DUPLICATE_METHOD_MATCH = YES;
				"CODE_SIGN_IDENTITY[sdk=iphoneos*]" = "iPhone Developer";
				COPY_PHASE_STRIP = NO;
				DEBUG_INFORMATION_FORMAT = "dwarf-with-dsym";
				ENABLE_NS_ASSERTIONS = NO;
				ENABLE_STRICT_OBJC_MSGSEND = YES;
				GCC_C_LANGUAGE_STANDARD = gnu99;
				GCC_NO_COMMON_BLOCKS = YES;
				GCC_WARN_64_TO_32_BIT_CONVERSION = YES;
				GCC_WARN_ABOUT_RETURN_TYPE = YES_ERROR;
				GCC_WARN_UNDECLARED_SELECTOR = YES;
				GCC_WARN_UNINITIALIZED_AUTOS = YES_AGGRESSIVE;
				GCC_WARN_UNUSED_FUNCTION = YES;
				GCC_WARN_UNUSED_VARIABLE = YES;
				IPHONEOS_DEPLOYMENT_TARGET = 9.3;
				MTL_ENABLE_DEBUG_INFO = NO;
				SDKROOT = iphoneos;
				VALIDATE_PRODUCT = YES;
			};
			name = Release;
		};
		F2FB39691D918C4E00FEB57F /* Debug */ = {
			isa = XCBuildConfiguration;
			buildSettings = {
				ASSETCATALOG_COMPILER_APPICON_NAME = AppIcon;
				INFOPLIST_FILE = iOsBmoby/Info.plist;
				LD_RUNPATH_SEARCH_PATHS = "$(inherited) @executable_path/Frameworks";
				PRODUCT_BUNDLE_IDENTIFIER = ms.iOsBmoby;
				PRODUCT_NAME = "$(TARGET_NAME)";
			};
			name = Debug;
		};
		F2FB396A1D918C4E00FEB57F /* Release */ = {
			isa = XCBuildConfiguration;
			buildSettings = {
				ASSETCATALOG_COMPILER_APPICON_NAME = AppIcon;
				INFOPLIST_FILE = iOsBmoby/Info.plist;
				LD_RUNPATH_SEARCH_PATHS = "$(inherited) @executable_path/Frameworks";
				PRODUCT_BUNDLE_IDENTIFIER = ms.iOsBmoby;
				PRODUCT_NAME = "$(TARGET_NAME)";
			};
			name = Release;
		};
/* End XCBuildConfiguration section */

/* Begin XCConfigurationList section */
		F2FB39511D918C4D00FEB57F /* Build configuration list for PBXProject "iOsBmoby" */ = {
			isa = XCConfigurationList;
			buildConfigurations = (
				F2FB39661D918C4E00FEB57F /* Debug */,
				F2FB39671D918C4E00FEB57F /* Release */,
			);
			defaultConfigurationIsVisible = 0;
			defaultConfigurationName = Release;
		};
		F2FB39681D918C4E00FEB57F /* Build configuration list for PBXNativeTarget "iOsBmoby" */ = {
			isa = XCConfigurationList;
			buildConfigurations = (
				F2FB39691D918C4E00FEB57F /* Debug */,
				F2FB396A1D918C4E00FEB57F /* Release */,
			);
			defaultConfigurationIsVisible = 0;
		};
/* End XCConfigurationList section */
	};
	rootObject = F2FB394E1D918C4D00FEB57F /* Project object */;
}
